
Microsoft Visual Studio Solution File, Format Version 12.00
# Visual Studio Version 16
VisualStudioVersion = 16.0.30523.141
MinimumVisualStudioVersion = 10.0.40219.1
Project("{9A19103F-16F7-4668-BE54-9A1E7A4F7556}") = "DBC.Models", "DBC.Models\DBC.Models.csproj", "{642486FE-751A-4DE6-9508-FBB05ED1F52A}"
EndProject
Project("{9A19103F-16F7-4668-BE54-9A1E7A4F7556}") = "DBC.Infrastructure", "DBC.Infrastructure\DBC.Infrastructure.csproj", "{51EE9213-4608-4F18-A9DE-883C40273ED9}"
EndProject
Project("{9A19103F-16F7-4668-BE54-9A1E7A4F7556}") = "DBC.DataAccess", "DBC.DataAccess\DBC.DataAccess.csproj", "{11CD38CB-0A5B-4703-B8DB-778D5F18F0A9}"
EndProject
Project("{9A19103F-16F7-4668-BE54-9A1E7A4F7556}") = "DBC.Domain", "DBC.Domain\DBC.Domain.csproj", "{D81917F4-928E-4E78-BF87-9E1BA6996CE2}"
EndProject
Project("{2150E333-8FDC-42A3-9474-1A3956D46DE8}") = "Tests", "Tests", "{F0E360D5-A21D-4E1C-B2DB-A67B44BDAACE}"
EndProject
Project("{FAE04EC0-301F-11D3-BF4B-00C04F79EFBC}") = "DBC.ConsoleHost", "DBC.ConsoleHost\DBC.ConsoleHost.csproj", "{CC3AF43F-A6AC-4407-A766-EF0D73787876}"
EndProject
Project("{9A19103F-16F7-4668-BE54-9A1E7A4F7556}") = "Test.DBC.DataAccess", "Test.DBC.DataAccess\Test.DBC.DataAccess.csproj", "{6C1DF8FA-5C74-4EBA-99A9-F8564E34F18D}"
EndProject
Project("{9A19103F-16F7-4668-BE54-9A1E7A4F7556}") = "Test.DBC.Domain", "Test.DBC.Domain\Test.DBC.Domain.csproj", "{BBD2B164-60CA-48B0-82BF-07958BA31FA1}"
EndProject
Project("{FAE04EC0-301F-11D3-BF4B-00C04F79EFBC}") = "DBC.Contracts", "DBC.Contracts\DBC.Contracts.csproj", "{2509E9F0-5D43-4B0C-A195-EA0E8564F69D}"
EndProject
Project("{FAE04EC0-301F-11D3-BF4B-00C04F79EFBC}") = "DBC.WcfServices", "DBC.WcfServices\DBC.WcfServices.csproj", "{A21008A5-B5A9-4127-A9BF-D4D140DC29EC}"
EndProject
Project("{2150E333-8FDC-42A3-9474-1A3956D46DE8}") = "Hosts", "Hosts", "{A7BD4F33-9998-465D-8BFF-478A7C3E11B8}"
EndProject
Project("{FAE04EC0-301F-11D3-BF4B-00C04F79EFBC}") = "DBC.WebHost", "DBC.WebHost\DBC.WebHost.csproj", "{091E4059-EE56-4F10-BFE8-FC88D7DEE131}"
EndProject
Project("{FAE04EC0-301F-11D3-BF4B-00C04F79EFBC}") = "DBC.Proxies", "DBC.Proxies\DBC.Proxies.csproj", "{FF7FCAF3-7468-4F80-BEFB-D4D9CC4E4380}"
EndProject
Project("{FAE04EC0-301F-11D3-BF4B-00C04F79EFBC}") = "DBC.WpfClient", "DBC.WpfClient\DBC.WpfClient.csproj", "{621EA266-9D0A-4E69-951F-68B241EAF98B}"
EndProject
Global
	GlobalSection(SolutionConfigurationPlatforms) = preSolution
		Debug|Any CPU = Debug|Any CPU
		Release|Any CPU = Release|Any CPU
	EndGlobalSection
	GlobalSection(ProjectConfigurationPlatforms) = postSolution
		{642486FE-751A-4DE6-9508-FBB05ED1F52A}.Debug|Any CPU.ActiveCfg = Debug|Any CPU
		{642486FE-751A-4DE6-9508-FBB05ED1F52A}.Debug|Any CPU.Build.0 = Debug|Any CPU
		{642486FE-751A-4DE6-9508-FBB05ED1F52A}.Release|Any CPU.ActiveCfg = Release|Any CPU
		{642486FE-751A-4DE6-9508-FBB05ED1F52A}.Release|Any CPU.Build.0 = Release|Any CPU
		{51EE9213-4608-4F18-A9DE-883C40273ED9}.Debug|Any CPU.ActiveCfg = Debug|Any CPU
		{51EE9213-4608-4F18-A9DE-883C40273ED9}.Debug|Any CPU.Build.0 = Debug|Any CPU
		{51EE9213-4608-4F18-A9DE-883C40273ED9}.Release|Any CPU.ActiveCfg = Release|Any CPU
		{51EE9213-4608-4F18-A9DE-883C40273ED9}.Release|Any CPU.Build.0 = Release|Any CPU
		{11CD38CB-0A5B-4703-B8DB-778D5F18F0A9}.Debug|Any CPU.ActiveCfg = Debug|Any CPU
		{11CD38CB-0A5B-4703-B8DB-778D5F18F0A9}.Debug|Any CPU.Build.0 = Debug|Any CPU
		{11CD38CB-0A5B-4703-B8DB-778D5F18F0A9}.Release|Any CPU.ActiveCfg = Release|Any CPU
		{11CD38CB-0A5B-4703-B8DB-778D5F18F0A9}.Release|Any CPU.Build.0 = Release|Any CPU
		{D81917F4-928E-4E78-BF87-9E1BA6996CE2}.Debug|Any CPU.ActiveCfg = Debug|Any CPU
		{D81917F4-928E-4E78-BF87-9E1BA6996CE2}.Debug|Any CPU.Build.0 = Debug|Any CPU
		{D81917F4-928E-4E78-BF87-9E1BA6996CE2}.Release|Any CPU.ActiveCfg = Release|Any CPU
		{D81917F4-928E-4E78-BF87-9E1BA6996CE2}.Release|Any CPU.Build.0 = Release|Any CPU
		{CC3AF43F-A6AC-4407-A766-EF0D73787876}.Debug|Any CPU.ActiveCfg = Debug|Any CPU
		{CC3AF43F-A6AC-4407-A766-EF0D73787876}.Debug|Any CPU.Build.0 = Debug|Any CPU
		{CC3AF43F-A6AC-4407-A766-EF0D73787876}.Release|Any CPU.ActiveCfg = Release|Any CPU
		{CC3AF43F-A6AC-4407-A766-EF0D73787876}.Release|Any CPU.Build.0 = Release|Any CPU
		{6C1DF8FA-5C74-4EBA-99A9-F8564E34F18D}.Debug|Any CPU.ActiveCfg = Debug|Any CPU
		{6C1DF8FA-5C74-4EBA-99A9-F8564E34F18D}.Debug|Any CPU.Build.0 = Debug|Any CPU
		{6C1DF8FA-5C74-4EBA-99A9-F8564E34F18D}.Release|Any CPU.ActiveCfg = Release|Any CPU
		{6C1DF8FA-5C74-4EBA-99A9-F8564E34F18D}.Release|Any CPU.Build.0 = Release|Any CPU
		{BBD2B164-60CA-48B0-82BF-07958BA31FA1}.Debug|Any CPU.ActiveCfg = Debug|Any CPU
		{BBD2B164-60CA-48B0-82BF-07958BA31FA1}.Debug|Any CPU.Build.0 = Debug|Any CPU
		{BBD2B164-60CA-48B0-82BF-07958BA31FA1}.Release|Any CPU.ActiveCfg = Release|Any CPU
		{BBD2B164-60CA-48B0-82BF-07958BA31FA1}.Release|Any CPU.Build.0 = Release|Any CPU
		{2509E9F0-5D43-4B0C-A195-EA0E8564F69D}.Debug|Any CPU.ActiveCfg = Debug|Any CPU
		{2509E9F0-5D43-4B0C-A195-EA0E8564F69D}.Debug|Any CPU.Build.0 = Debug|Any CPU
		{2509E9F0-5D43-4B0C-A195-EA0E8564F69D}.Release|Any CPU.ActiveCfg = Release|Any CPU
		{2509E9F0-5D43-4B0C-A195-EA0E8564F69D}.Release|Any CPU.Build.0 = Release|Any CPU
		{A21008A5-B5A9-4127-A9BF-D4D140DC29EC}.Debug|Any CPU.ActiveCfg = Debug|Any CPU
		{A21008A5-B5A9-4127-A9BF-D4D140DC29EC}.Debug|Any CPU.Build.0 = Debug|Any CPU
		{A21008A5-B5A9-4127-A9BF-D4D140DC29EC}.Release|Any CPU.ActiveCfg = Release|Any CPU
		{A21008A5-B5A9-4127-A9BF-D4D140DC29EC}.Release|Any CPU.Build.0 = Release|Any CPU
		{091E4059-EE56-4F10-BFE8-FC88D7DEE131}.Debug|Any CPU.ActiveCfg = Debug|Any CPU
		{091E4059-EE56-4F10-BFE8-FC88D7DEE131}.Debug|Any CPU.Build.0 = Debug|Any CPU
		{091E4059-EE56-4F10-BFE8-FC88D7DEE131}.Release|Any CPU.ActiveCfg = Release|Any CPU
		{091E4059-EE56-4F10-BFE8-FC88D7DEE131}.Release|Any CPU.Build.0 = Release|Any CPU
		{FF7FCAF3-7468-4F80-BEFB-D4D9CC4E4380}.Debug|Any CPU.ActiveCfg = Debug|Any CPU
		{FF7FCAF3-7468-4F80-BEFB-D4D9CC4E4380}.Debug|Any CPU.Build.0 = Debug|Any CPU
		{FF7FCAF3-7468-4F80-BEFB-D4D9CC4E4380}.Release|Any CPU.ActiveCfg = Release|Any CPU
		{FF7FCAF3-7468-4F80-BEFB-D4D9CC4E4380}.Release|Any CPU.Build.0 = Release|Any CPU
		{621EA266-9D0A-4E69-951F-68B241EAF98B}.Debug|Any CPU.ActiveCfg = Debug|Any CPU
		{621EA266-9D0A-4E69-951F-68B241EAF98B}.Debug|Any CPU.Build.0 = Debug|Any CPU
		{621EA266-9D0A-4E69-951F-68B241EAF98B}.Release|Any CPU.ActiveCfg = Release|Any CPU
		{621EA266-9D0A-4E69-951F-68B241EAF98B}.Release|Any CPU.Build.0 = Release|Any CPU
	EndGlobalSection
	GlobalSection(SolutionProperties) = preSolution
		HideSolutionNode = FALSE
	EndGlobalSection
	GlobalSection(NestedProjects) = preSolution
		{CC3AF43F-A6AC-4407-A766-EF0D73787876} = {A7BD4F33-9998-465D-8BFF-478A7C3E11B8}
		{6C1DF8FA-5C74-4EBA-99A9-F8564E34F18D} = {F0E360D5-A21D-4E1C-B2DB-A67B44BDAACE}
		{BBD2B164-60CA-48B0-82BF-07958BA31FA1} = {F0E360D5-A21D-4E1C-B2DB-A67B44BDAACE}
		{091E4059-EE56-4F10-BFE8-FC88D7DEE131} = {A7BD4F33-9998-465D-8BFF-478A7C3E11B8}
	EndGlobalSection
	GlobalSection(ExtensibilityGlobals) = postSolution
		SolutionGuid = {E5A4281C-C3EB-44F9-B7A1-1D4E9AAA3FBD}
	EndGlobalSection
EndGlobal
